// !$*UTF8*$!
{
	archiveVersion = 1;
	classes = {
	};
	objectVersion = 46;
	objects = {

/* Begin PBXBuildFile section */
		9B19A020196DD513009AA715 /* RiotKit.m in Sources */ = {isa = PBXBuildFile; fileRef = 9BB2C04D196C7FA400D9FEAA /* RiotKit.m */; };
		9B19A023196E1122009AA715 /* RKObjectMapper.m in Sources */ = {isa = PBXBuildFile; fileRef = 9B19A022196E1122009AA715 /* RKObjectMapper.m */; };
		9B31D3C719F5414B005E0442 /* v1.2_champions.json in Resources */ = {isa = PBXBuildFile; fileRef = 9B31D3C519F5414B005E0442 /* v1.2_champions.json */; };
		9B31D3C819F5414B005E0442 /* TemplateIcon2x.png in Resources */ = {isa = PBXBuildFile; fileRef = 9B31D3C619F5414B005E0442 /* TemplateIcon2x.png */; };
		9BB2BFEB196B651000D9FEAA /* main.m in Sources */ = {isa = PBXBuildFile; fileRef = 9BB2BFEA196B651000D9FEAA /* main.m */; };
		9BB2BFEE196B651000D9FEAA /* AppDelegate.m in Sources */ = {isa = PBXBuildFile; fileRef = 9BB2BFED196B651000D9FEAA /* AppDelegate.m */; };
		9BB2BFF1196B651000D9FEAA /* ViewController.m in Sources */ = {isa = PBXBuildFile; fileRef = 9BB2BFF0196B651000D9FEAA /* ViewController.m */; };
		9BB2C00D196B679000D9FEAA /* RKChampion.m in Sources */ = {isa = PBXBuildFile; fileRef = 9BB2C00C196B679000D9FEAA /* RKChampion.m */; };
		9BB2C010196B680C00D9FEAA /* RKGame.m in Sources */ = {isa = PBXBuildFile; fileRef = 9BB2C00F196B680C00D9FEAA /* RKGame.m */; };
		9BB2C013196B6A4E00D9FEAA /* RKPlayer.m in Sources */ = {isa = PBXBuildFile; fileRef = 9BB2C012196B6A4E00D9FEAA /* RKPlayer.m */; };
		9BB2C016196B6B5200D9FEAA /* RKRawStats.m in Sources */ = {isa = PBXBuildFile; fileRef = 9BB2C015196B6B5200D9FEAA /* RKRawStats.m */; };
		9BB2C019196B6CB800D9FEAA /* RKLeague.m in Sources */ = {isa = PBXBuildFile; fileRef = 9BB2C018196B6CB800D9FEAA /* RKLeague.m */; };
		9BB2C01C196B6D9500D9FEAA /* RKLeagueEntry.m in Sources */ = {isa = PBXBuildFile; fileRef = 9BB2C01B196B6D9500D9FEAA /* RKLeagueEntry.m */; };
		9BB2C01F196B6E5600D9FEAA /* RKMiniSeries.m in Sources */ = {isa = PBXBuildFile; fileRef = 9BB2C01E196B6E5600D9FEAA /* RKMiniSeries.m */; };
		9BB2C023196C6F2200D9FEAA /* RKTeam.m in Sources */ = {isa = PBXBuildFile; fileRef = 9BB2C022196C6F2200D9FEAA /* RKTeam.m */; };
		9BB2C026196C6FD800D9FEAA /* RKRoster.m in Sources */ = {isa = PBXBuildFile; fileRef = 9BB2C025196C6FD800D9FEAA /* RKRoster.m */; };
		9BB2C029196C704800D9FEAA /* RKMatchHistorySummary.m in Sources */ = {isa = PBXBuildFile; fileRef = 9BB2C028196C704800D9FEAA /* RKMatchHistorySummary.m */; };
		9BB2C02C196C713A00D9FEAA /* RKTeamStatDetail.m in Sources */ = {isa = PBXBuildFile; fileRef = 9BB2C02B196C713A00D9FEAA /* RKTeamStatDetail.m */; };
		9BB2C02F196C746900D9FEAA /* RKTeamMemberInfo.m in Sources */ = {isa = PBXBuildFile; fileRef = 9BB2C02E196C746900D9FEAA /* RKTeamMemberInfo.m */; };
		9BB2C032196C751600D9FEAA /* RKRunePage.m in Sources */ = {isa = PBXBuildFile; fileRef = 9BB2C031196C751600D9FEAA /* RKRunePage.m */; };
		9BB2C035196C755600D9FEAA /* RKRuneSlot.m in Sources */ = {isa = PBXBuildFile; fileRef = 9BB2C034196C755600D9FEAA /* RKRuneSlot.m */; };
		9BB2C038196C759400D9FEAA /* RKMasteryPage.m in Sources */ = {isa = PBXBuildFile; fileRef = 9BB2C037196C759400D9FEAA /* RKMasteryPage.m */; };
		9BB2C03B196C75C900D9FEAA /* RKMastery.m in Sources */ = {isa = PBXBuildFile; fileRef = 9BB2C03A196C75C900D9FEAA /* RKMastery.m */; };
		9BB2C03E196C760100D9FEAA /* RKSummoner.m in Sources */ = {isa = PBXBuildFile; fileRef = 9BB2C03D196C760100D9FEAA /* RKSummoner.m */; };
		9BB2C041196C769700D9FEAA /* RKPlayerStatsSummary.m in Sources */ = {isa = PBXBuildFile; fileRef = 9BB2C040196C769700D9FEAA /* RKPlayerStatsSummary.m */; };
		9BB2C044196C77B900D9FEAA /* RKAggregatedStats.m in Sources */ = {isa = PBXBuildFile; fileRef = 9BB2C043196C77B900D9FEAA /* RKAggregatedStats.m */; };
		9BB2C047196C7A2400D9FEAA /* RKRankedStats.m in Sources */ = {isa = PBXBuildFile; fileRef = 9BB2C046196C7A2400D9FEAA /* RKRankedStats.m */; };
		9BB2C04A196C7A5B00D9FEAA /* RKChampionStats.m in Sources */ = {isa = PBXBuildFile; fileRef = 9BB2C049196C7A5B00D9FEAA /* RKChampionStats.m */; };
		9BB2C04E196C7FA400D9FEAA /* RiotKit.m in Sources */ = {isa = PBXBuildFile; fileRef = 9BB2C04D196C7FA400D9FEAA /* RiotKit.m */; };
		9BB2C052196CA53800D9FEAA /* RKOperation.m in Sources */ = {isa = PBXBuildFile; fileRef = 9BB2C051196CA53800D9FEAA /* RKOperation.m */; };
		9BB2C059196DCB8400D9FEAA /* RiotKitTests.m in Sources */ = {isa = PBXBuildFile; fileRef = 9BB2C001196B651000D9FEAA /* RiotKitTests.m */; };
		9BB6C2A019F863E300971766 /* RKFixture.m in Sources */ = {isa = PBXBuildFile; fileRef = 9BB6C29F19F863E300971766 /* RKFixture.m */; };
		9BBFAD2B19F9F21F00EEC8C0 /* RKRequest.m in Sources */ = {isa = PBXBuildFile; fileRef = 9BBFAD2A19F9F21F00EEC8C0 /* RKRequest.m */; };
		9BBFAD2E19F9F2B000EEC8C0 /* RKConstants.m in Sources */ = {isa = PBXBuildFile; fileRef = 9BBFAD2D19F9F2B000EEC8C0 /* RKConstants.m */; };
		9BBFAD3219FBD0DE00EEC8C0 /* RKTestRequest.m in Sources */ = {isa = PBXBuildFile; fileRef = 9BBFAD3119FBD0DE00EEC8C0 /* RKTestRequest.m */; };
		9BBFAD3319FCE75C00EEC8C0 /* RKConstants.m in Sources */ = {isa = PBXBuildFile; fileRef = 9BBFAD2D19F9F2B000EEC8C0 /* RKConstants.m */; };
		9BBFAD3619FCEA4C00EEC8C0 /* v1.2_champions_free.json in Resources */ = {isa = PBXBuildFile; fileRef = 9BBFAD3419FCE92100EEC8C0 /* v1.2_champions_free.json */; };
		9BBFAD3819FE0BC500EEC8C0 /* v1.2_champion_single.json in Resources */ = {isa = PBXBuildFile; fileRef = 9BBFAD3719FE0BC500EEC8C0 /* v1.2_champion_single.json */; };
		9BBFAD3A19FE0E3400EEC8C0 /* v1.3_game_recent.json in Resources */ = {isa = PBXBuildFile; fileRef = 9BBFAD3919FE0E3400EEC8C0 /* v1.3_game_recent.json */; };
		9BBFAD3C19FE168700EEC8C0 /* v1.4_summoner_name.json in Resources */ = {isa = PBXBuildFile; fileRef = 9BBFAD3B19FE168700EEC8C0 /* v1.4_summoner_name.json */; };
		9BBFAD3E19FE16D800EEC8C0 /* v1.4_summoner_id.json in Resources */ = {isa = PBXBuildFile; fileRef = 9BBFAD3D19FE16D800EEC8C0 /* v1.4_summoner_id.json */; };
		9BBFAD4019FE180200EEC8C0 /* v1.4_summoner_id_masteries.json in Resources */ = {isa = PBXBuildFile; fileRef = 9BBFAD3F19FE180100EEC8C0 /* v1.4_summoner_id_masteries.json */; };
		9BBFAD4219FE187500EEC8C0 /* v1.4_summoner_ids_masteries.json in Resources */ = {isa = PBXBuildFile; fileRef = 9BBFAD4119FE187500EEC8C0 /* v1.4_summoner_ids_masteries.json */; };
		9BBFAD4419FE197200EEC8C0 /* v1.4_summoner_id_name.json in Resources */ = {isa = PBXBuildFile; fileRef = 9BBFAD4319FE197200EEC8C0 /* v1.4_summoner_id_name.json */; };
		9BBFAD4619FE19B900EEC8C0 /* v1.4_summoner_ids_name.json in Resources */ = {isa = PBXBuildFile; fileRef = 9BBFAD4519FE19B900EEC8C0 /* v1.4_summoner_ids_name.json */; };
		9BBFAD4819FE1A0D00EEC8C0 /* v1.4_summoner_id_runes.json in Resources */ = {isa = PBXBuildFile; fileRef = 9BBFAD4719FE1A0D00EEC8C0 /* v1.4_summoner_id_runes.json */; };
		9BBFAD4A19FE1B9700EEC8C0 /* v1.4_summoner_ids_runes.json in Resources */ = {isa = PBXBuildFile; fileRef = 9BBFAD4919FE1B9700EEC8C0 /* v1.4_summoner_ids_runes.json */; };
		9BD8B2CF19736CEA00C7F22E /* README.md in Resources */ = {isa = PBXBuildFile; fileRef = 9BD8B2CE19736CEA00C7F22E /* README.md */; };
		9BD8B2D1197371D400C7F22E /* Main.storyboard in Resources */ = {isa = PBXBuildFile; fileRef = 9BD8B2D0197371D400C7F22E /* Main.storyboard */; };
/* End PBXBuildFile section */

/* Begin PBXContainerItemProxy section */
		9BB2BFFC196B651000D9FEAA /* PBXContainerItemProxy */ = {
			isa = PBXContainerItemProxy;
			containerPortal = 9BB2BFDD196B651000D9FEAA /* Project object */;
			proxyType = 1;
			remoteGlobalIDString = 9BB2BFE4196B651000D9FEAA;
			remoteInfo = RiotKit;
		};
		9BB2C055196DCB6900D9FEAA /* PBXContainerItemProxy */ = {
			isa = PBXContainerItemProxy;
			containerPortal = 9BB2BFDD196B651000D9FEAA /* Project object */;
			proxyType = 1;
			remoteGlobalIDString = 9BB2BFE4196B651000D9FEAA;
			remoteInfo = RiotKit;
		};
		9BB2C057196DCB6A00D9FEAA /* PBXContainerItemProxy */ = {
			isa = PBXContainerItemProxy;
			containerPortal = 9BB2BFDD196B651000D9FEAA /* Project object */;
			proxyType = 1;
			remoteGlobalIDString = 9BB2BFE4196B651000D9FEAA;
			remoteInfo = RiotKit;
		};
		9BB2C05A196DCBAE00D9FEAA /* PBXContainerItemProxy */ = {
			isa = PBXContainerItemProxy;
			containerPortal = 9BB2BFDD196B651000D9FEAA /* Project object */;
			proxyType = 1;
			remoteGlobalIDString = 9BB2BFE4196B651000D9FEAA;
			remoteInfo = RiotKit;
		};
/* End PBXContainerItemProxy section */

/* Begin PBXFileReference section */
		9B19A021196E1122009AA715 /* RKObjectMapper.h */ = {isa = PBXFileReference; fileEncoding = 4; lastKnownFileType = sourcecode.c.h; name = RKObjectMapper.h; path = Classes/RKObjectMapper.h; sourceTree = SOURCE_ROOT; };
		9B19A022196E1122009AA715 /* RKObjectMapper.m */ = {isa = PBXFileReference; fileEncoding = 4; lastKnownFileType = sourcecode.c.objc; name = RKObjectMapper.m; path = Classes/RKObjectMapper.m; sourceTree = SOURCE_ROOT; };
		9B31D3C519F5414B005E0442 /* v1.2_champions.json */ = {isa = PBXFileReference; fileEncoding = 4; lastKnownFileType = text.json; path = v1.2_champions.json; sourceTree = "<group>"; };
		9B31D3C619F5414B005E0442 /* TemplateIcon2x.png */ = {isa = PBXFileReference; lastKnownFileType = image.png; path = TemplateIcon2x.png; sourceTree = "<group>"; };
		9BB2BFE5196B651000D9FEAA /* RiotKit.app */ = {isa = PBXFileReference; explicitFileType = wrapper.application; includeInIndex = 0; path = RiotKit.app; sourceTree = BUILT_PRODUCTS_DIR; };
		9BB2BFEA196B651000D9FEAA /* main.m */ = {isa = PBXFileReference; lastKnownFileType = sourcecode.c.objc; name = main.m; path = RiotKitDemo/main.m; sourceTree = SOURCE_ROOT; };
		9BB2BFEC196B651000D9FEAA /* AppDelegate.h */ = {isa = PBXFileReference; lastKnownFileType = sourcecode.c.h; name = AppDelegate.h; path = RiotKitDemo/AppDelegate.h; sourceTree = SOURCE_ROOT; };
		9BB2BFED196B651000D9FEAA /* AppDelegate.m */ = {isa = PBXFileReference; lastKnownFileType = sourcecode.c.objc; name = AppDelegate.m; path = RiotKitDemo/AppDelegate.m; sourceTree = SOURCE_ROOT; };
		9BB2BFEF196B651000D9FEAA /* ViewController.h */ = {isa = PBXFileReference; lastKnownFileType = sourcecode.c.h; name = ViewController.h; path = RiotKitDemo/ViewController.h; sourceTree = SOURCE_ROOT; };
		9BB2BFF0196B651000D9FEAA /* ViewController.m */ = {isa = PBXFileReference; lastKnownFileType = sourcecode.c.objc; name = ViewController.m; path = RiotKitDemo/ViewController.m; sourceTree = SOURCE_ROOT; };
		9BB2BFFB196B651000D9FEAA /* RiotKitTests.xctest */ = {isa = PBXFileReference; explicitFileType = wrapper.cfbundle; includeInIndex = 0; path = RiotKitTests.xctest; sourceTree = BUILT_PRODUCTS_DIR; };
		9BB2C000196B651000D9FEAA /* Info.plist */ = {isa = PBXFileReference; lastKnownFileType = text.plist.xml; path = Info.plist; sourceTree = "<group>"; };
		9BB2C001196B651000D9FEAA /* RiotKitTests.m */ = {isa = PBXFileReference; lastKnownFileType = sourcecode.c.objc; path = RiotKitTests.m; sourceTree = "<group>"; };
		9BB2C00B196B679000D9FEAA /* RKChampion.h */ = {isa = PBXFileReference; fileEncoding = 4; lastKnownFileType = sourcecode.c.h; name = RKChampion.h; path = Classes/Models/RKChampion.h; sourceTree = SOURCE_ROOT; };
		9BB2C00C196B679000D9FEAA /* RKChampion.m */ = {isa = PBXFileReference; fileEncoding = 4; lastKnownFileType = sourcecode.c.objc; name = RKChampion.m; path = Classes/Models/RKChampion.m; sourceTree = SOURCE_ROOT; };
		9BB2C00E196B680C00D9FEAA /* RKGame.h */ = {isa = PBXFileReference; fileEncoding = 4; lastKnownFileType = sourcecode.c.h; name = RKGame.h; path = Classes/Models/RKGame.h; sourceTree = SOURCE_ROOT; };
		9BB2C00F196B680C00D9FEAA /* RKGame.m */ = {isa = PBXFileReference; fileEncoding = 4; lastKnownFileType = sourcecode.c.objc; name = RKGame.m; path = Classes/Models/RKGame.m; sourceTree = SOURCE_ROOT; };
		9BB2C011196B6A4E00D9FEAA /* RKPlayer.h */ = {isa = PBXFileReference; fileEncoding = 4; lastKnownFileType = sourcecode.c.h; name = RKPlayer.h; path = Classes/Models/RKPlayer.h; sourceTree = SOURCE_ROOT; };
		9BB2C012196B6A4E00D9FEAA /* RKPlayer.m */ = {isa = PBXFileReference; fileEncoding = 4; lastKnownFileType = sourcecode.c.objc; name = RKPlayer.m; path = Classes/Models/RKPlayer.m; sourceTree = SOURCE_ROOT; };
		9BB2C014196B6B5200D9FEAA /* RKRawStats.h */ = {isa = PBXFileReference; fileEncoding = 4; lastKnownFileType = sourcecode.c.h; name = RKRawStats.h; path = Classes/Models/RKRawStats.h; sourceTree = SOURCE_ROOT; };
		9BB2C015196B6B5200D9FEAA /* RKRawStats.m */ = {isa = PBXFileReference; fileEncoding = 4; lastKnownFileType = sourcecode.c.objc; name = RKRawStats.m; path = Classes/Models/RKRawStats.m; sourceTree = SOURCE_ROOT; };
		9BB2C017196B6CB800D9FEAA /* RKLeague.h */ = {isa = PBXFileReference; fileEncoding = 4; lastKnownFileType = sourcecode.c.h; name = RKLeague.h; path = Classes/Models/RKLeague.h; sourceTree = SOURCE_ROOT; };
		9BB2C018196B6CB800D9FEAA /* RKLeague.m */ = {isa = PBXFileReference; fileEncoding = 4; lastKnownFileType = sourcecode.c.objc; name = RKLeague.m; path = Classes/Models/RKLeague.m; sourceTree = SOURCE_ROOT; };
		9BB2C01A196B6D9500D9FEAA /* RKLeagueEntry.h */ = {isa = PBXFileReference; fileEncoding = 4; lastKnownFileType = sourcecode.c.h; name = RKLeagueEntry.h; path = Classes/Models/RKLeagueEntry.h; sourceTree = SOURCE_ROOT; };
		9BB2C01B196B6D9500D9FEAA /* RKLeagueEntry.m */ = {isa = PBXFileReference; fileEncoding = 4; lastKnownFileType = sourcecode.c.objc; name = RKLeagueEntry.m; path = Classes/Models/RKLeagueEntry.m; sourceTree = SOURCE_ROOT; };
		9BB2C01D196B6E5600D9FEAA /* RKMiniSeries.h */ = {isa = PBXFileReference; fileEncoding = 4; lastKnownFileType = sourcecode.c.h; name = RKMiniSeries.h; path = Classes/Models/RKMiniSeries.h; sourceTree = SOURCE_ROOT; };
		9BB2C01E196B6E5600D9FEAA /* RKMiniSeries.m */ = {isa = PBXFileReference; fileEncoding = 4; lastKnownFileType = sourcecode.c.objc; name = RKMiniSeries.m; path = Classes/Models/RKMiniSeries.m; sourceTree = SOURCE_ROOT; };
		9BB2C021196C6F2200D9FEAA /* RKTeam.h */ = {isa = PBXFileReference; fileEncoding = 4; lastKnownFileType = sourcecode.c.h; name = RKTeam.h; path = Classes/Models/RKTeam.h; sourceTree = SOURCE_ROOT; };
		9BB2C022196C6F2200D9FEAA /* RKTeam.m */ = {isa = PBXFileReference; fileEncoding = 4; lastKnownFileType = sourcecode.c.objc; name = RKTeam.m; path = Classes/Models/RKTeam.m; sourceTree = SOURCE_ROOT; };
		9BB2C024196C6FD800D9FEAA /* RKRoster.h */ = {isa = PBXFileReference; fileEncoding = 4; lastKnownFileType = sourcecode.c.h; name = RKRoster.h; path = Classes/Models/RKRoster.h; sourceTree = SOURCE_ROOT; };
		9BB2C025196C6FD800D9FEAA /* RKRoster.m */ = {isa = PBXFileReference; fileEncoding = 4; lastKnownFileType = sourcecode.c.objc; name = RKRoster.m; path = Classes/Models/RKRoster.m; sourceTree = SOURCE_ROOT; };
		9BB2C027196C704800D9FEAA /* RKMatchHistorySummary.h */ = {isa = PBXFileReference; fileEncoding = 4; lastKnownFileType = sourcecode.c.h; name = RKMatchHistorySummary.h; path = Classes/Models/RKMatchHistorySummary.h; sourceTree = SOURCE_ROOT; };
		9BB2C028196C704800D9FEAA /* RKMatchHistorySummary.m */ = {isa = PBXFileReference; fileEncoding = 4; lastKnownFileType = sourcecode.c.objc; name = RKMatchHistorySummary.m; path = Classes/Models/RKMatchHistorySummary.m; sourceTree = SOURCE_ROOT; };
		9BB2C02A196C713A00D9FEAA /* RKTeamStatDetail.h */ = {isa = PBXFileReference; fileEncoding = 4; lastKnownFileType = sourcecode.c.h; name = RKTeamStatDetail.h; path = Classes/Models/RKTeamStatDetail.h; sourceTree = SOURCE_ROOT; };
		9BB2C02B196C713A00D9FEAA /* RKTeamStatDetail.m */ = {isa = PBXFileReference; fileEncoding = 4; lastKnownFileType = sourcecode.c.objc; name = RKTeamStatDetail.m; path = Classes/Models/RKTeamStatDetail.m; sourceTree = SOURCE_ROOT; };
		9BB2C02D196C746900D9FEAA /* RKTeamMemberInfo.h */ = {isa = PBXFileReference; fileEncoding = 4; lastKnownFileType = sourcecode.c.h; name = RKTeamMemberInfo.h; path = Classes/Models/RKTeamMemberInfo.h; sourceTree = SOURCE_ROOT; };
		9BB2C02E196C746900D9FEAA /* RKTeamMemberInfo.m */ = {isa = PBXFileReference; fileEncoding = 4; lastKnownFileType = sourcecode.c.objc; name = RKTeamMemberInfo.m; path = Classes/Models/RKTeamMemberInfo.m; sourceTree = SOURCE_ROOT; };
		9BB2C030196C751600D9FEAA /* RKRunePage.h */ = {isa = PBXFileReference; fileEncoding = 4; lastKnownFileType = sourcecode.c.h; name = RKRunePage.h; path = Classes/Models/RKRunePage.h; sourceTree = SOURCE_ROOT; };
		9BB2C031196C751600D9FEAA /* RKRunePage.m */ = {isa = PBXFileReference; fileEncoding = 4; lastKnownFileType = sourcecode.c.objc; name = RKRunePage.m; path = Classes/Models/RKRunePage.m; sourceTree = SOURCE_ROOT; };
		9BB2C033196C755600D9FEAA /* RKRuneSlot.h */ = {isa = PBXFileReference; fileEncoding = 4; lastKnownFileType = sourcecode.c.h; name = RKRuneSlot.h; path = Classes/Models/RKRuneSlot.h; sourceTree = SOURCE_ROOT; };
		9BB2C034196C755600D9FEAA /* RKRuneSlot.m */ = {isa = PBXFileReference; fileEncoding = 4; lastKnownFileType = sourcecode.c.objc; name = RKRuneSlot.m; path = Classes/Models/RKRuneSlot.m; sourceTree = SOURCE_ROOT; };
		9BB2C036196C759400D9FEAA /* RKMasteryPage.h */ = {isa = PBXFileReference; fileEncoding = 4; lastKnownFileType = sourcecode.c.h; name = RKMasteryPage.h; path = Classes/Models/RKMasteryPage.h; sourceTree = SOURCE_ROOT; };
		9BB2C037196C759400D9FEAA /* RKMasteryPage.m */ = {isa = PBXFileReference; fileEncoding = 4; lastKnownFileType = sourcecode.c.objc; name = RKMasteryPage.m; path = Classes/Models/RKMasteryPage.m; sourceTree = SOURCE_ROOT; };
		9BB2C039196C75C900D9FEAA /* RKMastery.h */ = {isa = PBXFileReference; fileEncoding = 4; lastKnownFileType = sourcecode.c.h; name = RKMastery.h; path = Classes/Models/RKMastery.h; sourceTree = SOURCE_ROOT; };
		9BB2C03A196C75C900D9FEAA /* RKMastery.m */ = {isa = PBXFileReference; fileEncoding = 4; lastKnownFileType = sourcecode.c.objc; name = RKMastery.m; path = Classes/Models/RKMastery.m; sourceTree = SOURCE_ROOT; };
		9BB2C03C196C760100D9FEAA /* RKSummoner.h */ = {isa = PBXFileReference; fileEncoding = 4; lastKnownFileType = sourcecode.c.h; name = RKSummoner.h; path = Classes/Models/RKSummoner.h; sourceTree = SOURCE_ROOT; };
		9BB2C03D196C760100D9FEAA /* RKSummoner.m */ = {isa = PBXFileReference; fileEncoding = 4; lastKnownFileType = sourcecode.c.objc; name = RKSummoner.m; path = Classes/Models/RKSummoner.m; sourceTree = SOURCE_ROOT; };
		9BB2C03F196C769700D9FEAA /* RKPlayerStatsSummary.h */ = {isa = PBXFileReference; fileEncoding = 4; lastKnownFileType = sourcecode.c.h; name = RKPlayerStatsSummary.h; path = Classes/Models/RKPlayerStatsSummary.h; sourceTree = SOURCE_ROOT; };
		9BB2C040196C769700D9FEAA /* RKPlayerStatsSummary.m */ = {isa = PBXFileReference; fileEncoding = 4; lastKnownFileType = sourcecode.c.objc; name = RKPlayerStatsSummary.m; path = Classes/Models/RKPlayerStatsSummary.m; sourceTree = SOURCE_ROOT; };
		9BB2C042196C77B900D9FEAA /* RKAggregatedStats.h */ = {isa = PBXFileReference; fileEncoding = 4; lastKnownFileType = sourcecode.c.h; name = RKAggregatedStats.h; path = Classes/Models/RKAggregatedStats.h; sourceTree = SOURCE_ROOT; };
		9BB2C043196C77B900D9FEAA /* RKAggregatedStats.m */ = {isa = PBXFileReference; fileEncoding = 4; lastKnownFileType = sourcecode.c.objc; name = RKAggregatedStats.m; path = Classes/Models/RKAggregatedStats.m; sourceTree = SOURCE_ROOT; };
		9BB2C045196C7A2400D9FEAA /* RKRankedStats.h */ = {isa = PBXFileReference; fileEncoding = 4; lastKnownFileType = sourcecode.c.h; name = RKRankedStats.h; path = Classes/Models/RKRankedStats.h; sourceTree = SOURCE_ROOT; };
		9BB2C046196C7A2400D9FEAA /* RKRankedStats.m */ = {isa = PBXFileReference; fileEncoding = 4; lastKnownFileType = sourcecode.c.objc; name = RKRankedStats.m; path = Classes/Models/RKRankedStats.m; sourceTree = SOURCE_ROOT; };
		9BB2C048196C7A5B00D9FEAA /* RKChampionStats.h */ = {isa = PBXFileReference; fileEncoding = 4; lastKnownFileType = sourcecode.c.h; name = RKChampionStats.h; path = Classes/Models/RKChampionStats.h; sourceTree = SOURCE_ROOT; };
		9BB2C049196C7A5B00D9FEAA /* RKChampionStats.m */ = {isa = PBXFileReference; fileEncoding = 4; lastKnownFileType = sourcecode.c.objc; name = RKChampionStats.m; path = Classes/Models/RKChampionStats.m; sourceTree = SOURCE_ROOT; };
		9BB2C04C196C7FA400D9FEAA /* RiotKit.h */ = {isa = PBXFileReference; fileEncoding = 4; lastKnownFileType = sourcecode.c.h; name = RiotKit.h; path = Classes/RiotKit.h; sourceTree = SOURCE_ROOT; };
		9BB2C04D196C7FA400D9FEAA /* RiotKit.m */ = {isa = PBXFileReference; fileEncoding = 4; lastKnownFileType = sourcecode.c.objc; name = RiotKit.m; path = Classes/RiotKit.m; sourceTree = SOURCE_ROOT; };
		9BB2C04F196C816300D9FEAA /* RKModels.h */ = {isa = PBXFileReference; fileEncoding = 4; lastKnownFileType = sourcecode.c.h; name = RKModels.h; path = Classes/Models/RKModels.h; sourceTree = SOURCE_ROOT; };
		9BB2C050196CA53800D9FEAA /* RKOperation.h */ = {isa = PBXFileReference; fileEncoding = 4; lastKnownFileType = sourcecode.c.h; name = RKOperation.h; path = Classes/RKOperation.h; sourceTree = SOURCE_ROOT; };
		9BB2C051196CA53800D9FEAA /* RKOperation.m */ = {isa = PBXFileReference; fileEncoding = 4; lastKnownFileType = sourcecode.c.objc; name = RKOperation.m; path = Classes/RKOperation.m; sourceTree = SOURCE_ROOT; };
		9BB6C29E19F863E300971766 /* RKFixture.h */ = {isa = PBXFileReference; fileEncoding = 4; lastKnownFileType = sourcecode.c.h; path = RKFixture.h; sourceTree = "<group>"; };
		9BB6C29F19F863E300971766 /* RKFixture.m */ = {isa = PBXFileReference; fileEncoding = 4; lastKnownFileType = sourcecode.c.objc; path = RKFixture.m; sourceTree = "<group>"; };
		9BBFAD2919F9F21F00EEC8C0 /* RKRequest.h */ = {isa = PBXFileReference; fileEncoding = 4; lastKnownFileType = sourcecode.c.h; name = RKRequest.h; path = Classes/RKRequest.h; sourceTree = SOURCE_ROOT; };
		9BBFAD2A19F9F21F00EEC8C0 /* RKRequest.m */ = {isa = PBXFileReference; fileEncoding = 4; lastKnownFileType = sourcecode.c.objc; name = RKRequest.m; path = Classes/RKRequest.m; sourceTree = SOURCE_ROOT; };
		9BBFAD2C19F9F2B000EEC8C0 /* RKConstants.h */ = {isa = PBXFileReference; fileEncoding = 4; lastKnownFileType = sourcecode.c.h; name = RKConstants.h; path = Classes/RKConstants.h; sourceTree = SOURCE_ROOT; };
		9BBFAD2D19F9F2B000EEC8C0 /* RKConstants.m */ = {isa = PBXFileReference; fileEncoding = 4; lastKnownFileType = sourcecode.c.objc; name = RKConstants.m; path = Classes/RKConstants.m; sourceTree = SOURCE_ROOT; };
		9BBFAD3019FBD0DE00EEC8C0 /* RKTestRequest.h */ = {isa = PBXFileReference; fileEncoding = 4; lastKnownFileType = sourcecode.c.h; path = RKTestRequest.h; sourceTree = "<group>"; };
		9BBFAD3119FBD0DE00EEC8C0 /* RKTestRequest.m */ = {isa = PBXFileReference; fileEncoding = 4; lastKnownFileType = sourcecode.c.objc; path = RKTestRequest.m; sourceTree = "<group>"; };
		9BBFAD3419FCE92100EEC8C0 /* v1.2_champions_free.json */ = {isa = PBXFileReference; fileEncoding = 4; lastKnownFileType = text.json; name = v1.2_champions_free.json; path = ../v1.2_champions_free.json; sourceTree = "<group>"; };
		9BBFAD3719FE0BC500EEC8C0 /* v1.2_champion_single.json */ = {isa = PBXFileReference; fileEncoding = 4; lastKnownFileType = text.json; path = v1.2_champion_single.json; sourceTree = "<group>"; };
		9BBFAD3919FE0E3400EEC8C0 /* v1.3_game_recent.json */ = {isa = PBXFileReference; fileEncoding = 4; lastKnownFileType = text.json; path = v1.3_game_recent.json; sourceTree = "<group>"; };
		9BBFAD3B19FE168700EEC8C0 /* v1.4_summoner_name.json */ = {isa = PBXFileReference; fileEncoding = 4; lastKnownFileType = text.json; path = v1.4_summoner_name.json; sourceTree = "<group>"; };
		9BBFAD3D19FE16D800EEC8C0 /* v1.4_summoner_id.json */ = {isa = PBXFileReference; fileEncoding = 4; lastKnownFileType = text.json; path = v1.4_summoner_id.json; sourceTree = "<group>"; };
		9BBFAD3F19FE180100EEC8C0 /* v1.4_summoner_id_masteries.json */ = {isa = PBXFileReference; fileEncoding = 4; lastKnownFileType = text.json; path = v1.4_summoner_id_masteries.json; sourceTree = "<group>"; };
		9BBFAD4119FE187500EEC8C0 /* v1.4_summoner_ids_masteries.json */ = {isa = PBXFileReference; fileEncoding = 4; lastKnownFileType = text.json; path = v1.4_summoner_ids_masteries.json; sourceTree = "<group>"; };
		9BBFAD4319FE197200EEC8C0 /* v1.4_summoner_id_name.json */ = {isa = PBXFileReference; fileEncoding = 4; lastKnownFileType = text.json; path = v1.4_summoner_id_name.json; sourceTree = "<group>"; };
		9BBFAD4519FE19B900EEC8C0 /* v1.4_summoner_ids_name.json */ = {isa = PBXFileReference; fileEncoding = 4; lastKnownFileType = text.json; path = v1.4_summoner_ids_name.json; sourceTree = "<group>"; };
		9BBFAD4719FE1A0D00EEC8C0 /* v1.4_summoner_id_runes.json */ = {isa = PBXFileReference; fileEncoding = 4; lastKnownFileType = text.json; path = v1.4_summoner_id_runes.json; sourceTree = "<group>"; };
		9BBFAD4919FE1B9700EEC8C0 /* v1.4_summoner_ids_runes.json */ = {isa = PBXFileReference; fileEncoding = 4; lastKnownFileType = text.json; path = v1.4_summoner_ids_runes.json; sourceTree = "<group>"; };
		9BD8B2CE19736CEA00C7F22E /* README.md */ = {isa = PBXFileReference; fileEncoding = 4; lastKnownFileType = text; path = README.md; sourceTree = SOURCE_ROOT; };
		9BD8B2D0197371D400C7F22E /* Main.storyboard */ = {isa = PBXFileReference; fileEncoding = 4; lastKnownFileType = file.storyboard; name = Main.storyboard; path = RiotKitDemo/Main.storyboard; sourceTree = SOURCE_ROOT; };
		9BD8B2D21973722400C7F22E /* Info.plist */ = {isa = PBXFileReference; fileEncoding = 4; lastKnownFileType = text.plist.xml; name = Info.plist; path = RiotKitDemo/Info.plist; sourceTree = SOURCE_ROOT; };
/* End PBXFileReference section */

/* Begin PBXFrameworksBuildPhase section */
		9BB2BFE2196B651000D9FEAA /* Frameworks */ = {
			isa = PBXFrameworksBuildPhase;
			buildActionMask = 2147483647;
			files = (
			);
			runOnlyForDeploymentPostprocessing = 0;
		};
		9BB2BFF8196B651000D9FEAA /* Frameworks */ = {
			isa = PBXFrameworksBuildPhase;
			buildActionMask = 2147483647;
			files = (
			);
			runOnlyForDeploymentPostprocessing = 0;
		};
/* End PBXFrameworksBuildPhase section */

/* Begin PBXGroup section */
		9BB2BFDC196B651000D9FEAA = {
			isa = PBXGroup;
			children = (
				9BB2C04B196C7D7E00D9FEAA /* RiotKit */,
				9BB2BFFE196B651000D9FEAA /* RiotKitTests */,
				9BB2BFE7196B651000D9FEAA /* Demo App */,
				9BB2BFE6196B651000D9FEAA /* Products */,
				DF9990CD1FB74477B9DDF25E /* Frameworks */,
			);
			sourceTree = "<group>";
		};
		9BB2BFE6196B651000D9FEAA /* Products */ = {
			isa = PBXGroup;
			children = (
				9BB2BFE5196B651000D9FEAA /* RiotKit.app */,
				9BB2BFFB196B651000D9FEAA /* RiotKitTests.xctest */,
			);
			name = Products;
			sourceTree = "<group>";
		};
		9BB2BFE7196B651000D9FEAA /* Demo App */ = {
			isa = PBXGroup;
			children = (
				9BB2BFEC196B651000D9FEAA /* AppDelegate.h */,
				9BB2BFED196B651000D9FEAA /* AppDelegate.m */,
				9BB2BFEF196B651000D9FEAA /* ViewController.h */,
				9BB2BFF0196B651000D9FEAA /* ViewController.m */,
				9BB2BFE8196B651000D9FEAA /* Supporting Files */,
				9BD8B2D0197371D400C7F22E /* Main.storyboard */,
			);
			name = "Demo App";
			path = RiotKit;
			sourceTree = "<group>";
		};
		9BB2BFE8196B651000D9FEAA /* Supporting Files */ = {
			isa = PBXGroup;
			children = (
				9BD8B2D21973722400C7F22E /* Info.plist */,
				9BB2BFEA196B651000D9FEAA /* main.m */,
			);
			name = "Supporting Files";
			sourceTree = "<group>";
		};
		9BB2BFFE196B651000D9FEAA /* RiotKitTests */ = {
			isa = PBXGroup;
			children = (
				9BB2C001196B651000D9FEAA /* RiotKitTests.m */,
				9BBFAD2F19F9FE4600EEC8C0 /* Fixtures */,
				9BB6C29E19F863E300971766 /* RKFixture.h */,
				9BB6C29F19F863E300971766 /* RKFixture.m */,
				9B31D3C619F5414B005E0442 /* TemplateIcon2x.png */,
				9BB2BFFF196B651000D9FEAA /* Supporting Files */,
				9BBFAD3019FBD0DE00EEC8C0 /* RKTestRequest.h */,
				9BBFAD3119FBD0DE00EEC8C0 /* RKTestRequest.m */,
			);
			path = RiotKitTests;
			sourceTree = "<group>";
		};
		9BB2BFFF196B651000D9FEAA /* Supporting Files */ = {
			isa = PBXGroup;
			children = (
				9BB2C000196B651000D9FEAA /* Info.plist */,
			);
			name = "Supporting Files";
			sourceTree = "<group>";
		};
		9BB2C020196B6ECA00D9FEAA /* Models */ = {
			isa = PBXGroup;
			children = (
				9BB2C00B196B679000D9FEAA /* RKChampion.h */,
				9BB2C042196C77B900D9FEAA /* RKAggregatedStats.h */,
				9BB2C043196C77B900D9FEAA /* RKAggregatedStats.m */,
				9BB2C00C196B679000D9FEAA /* RKChampion.m */,
				9BB2C00E196B680C00D9FEAA /* RKGame.h */,
				9BB2C02A196C713A00D9FEAA /* RKTeamStatDetail.h */,
				9BB2C02B196C713A00D9FEAA /* RKTeamStatDetail.m */,
				9BB2C02D196C746900D9FEAA /* RKTeamMemberInfo.h */,
				9BB2C02E196C746900D9FEAA /* RKTeamMemberInfo.m */,
				9BB2C030196C751600D9FEAA /* RKRunePage.h */,
				9BB2C031196C751600D9FEAA /* RKRunePage.m */,
				9BB2C033196C755600D9FEAA /* RKRuneSlot.h */,
				9BB2C034196C755600D9FEAA /* RKRuneSlot.m */,
				9BB2C03F196C769700D9FEAA /* RKPlayerStatsSummary.h */,
				9BB2C040196C769700D9FEAA /* RKPlayerStatsSummary.m */,
				9BB2C036196C759400D9FEAA /* RKMasteryPage.h */,
				9BB2C037196C759400D9FEAA /* RKMasteryPage.m */,
				9BB2C039196C75C900D9FEAA /* RKMastery.h */,
				9BB2C03A196C75C900D9FEAA /* RKMastery.m */,
				9BB2C03C196C760100D9FEAA /* RKSummoner.h */,
				9BB2C03D196C760100D9FEAA /* RKSummoner.m */,
				9BB2C00F196B680C00D9FEAA /* RKGame.m */,
				9BB2C011196B6A4E00D9FEAA /* RKPlayer.h */,
				9BB2C012196B6A4E00D9FEAA /* RKPlayer.m */,
				9BB2C014196B6B5200D9FEAA /* RKRawStats.h */,
				9BB2C015196B6B5200D9FEAA /* RKRawStats.m */,
				9BB2C017196B6CB800D9FEAA /* RKLeague.h */,
				9BB2C018196B6CB800D9FEAA /* RKLeague.m */,
				9BB2C01A196B6D9500D9FEAA /* RKLeagueEntry.h */,
				9BB2C01B196B6D9500D9FEAA /* RKLeagueEntry.m */,
				9BB2C01D196B6E5600D9FEAA /* RKMiniSeries.h */,
				9BB2C01E196B6E5600D9FEAA /* RKMiniSeries.m */,
				9BB2C021196C6F2200D9FEAA /* RKTeam.h */,
				9BB2C022196C6F2200D9FEAA /* RKTeam.m */,
				9BB2C024196C6FD800D9FEAA /* RKRoster.h */,
				9BB2C025196C6FD800D9FEAA /* RKRoster.m */,
				9BB2C027196C704800D9FEAA /* RKMatchHistorySummary.h */,
				9BB2C028196C704800D9FEAA /* RKMatchHistorySummary.m */,
				9BB2C045196C7A2400D9FEAA /* RKRankedStats.h */,
				9BB2C046196C7A2400D9FEAA /* RKRankedStats.m */,
				9BB2C048196C7A5B00D9FEAA /* RKChampionStats.h */,
				9BB2C049196C7A5B00D9FEAA /* RKChampionStats.m */,
				9BB2C04F196C816300D9FEAA /* RKModels.h */,
			);
			name = Models;
			path = ../Classes/Models;
			sourceTree = "<group>";
		};
		9BB2C04B196C7D7E00D9FEAA /* RiotKit */ = {
			isa = PBXGroup;
			children = (
				9BBFAD2919F9F21F00EEC8C0 /* RKRequest.h */,
				9BBFAD2A19F9F21F00EEC8C0 /* RKRequest.m */,
				9BD8B2CE19736CEA00C7F22E /* README.md */,
				9BB2C020196B6ECA00D9FEAA /* Models */,
				9BB2C04C196C7FA400D9FEAA /* RiotKit.h */,
				9BB2C04D196C7FA400D9FEAA /* RiotKit.m */,
				9BBFAD2C19F9F2B000EEC8C0 /* RKConstants.h */,
				9BBFAD2D19F9F2B000EEC8C0 /* RKConstants.m */,
				9B19A021196E1122009AA715 /* RKObjectMapper.h */,
				9B19A022196E1122009AA715 /* RKObjectMapper.m */,
				9BB2C050196CA53800D9FEAA /* RKOperation.h */,
				9BB2C051196CA53800D9FEAA /* RKOperation.m */,
			);
			path = RiotKit;
			sourceTree = "<group>";
		};
		9BBFAD2F19F9FE4600EEC8C0 /* Fixtures */ = {
			isa = PBXGroup;
			children = (
				9BBFAD3B19FE168700EEC8C0 /* v1.4_summoner_name.json */,
				9BBFAD3D19FE16D800EEC8C0 /* v1.4_summoner_id.json */,
				9BBFAD3F19FE180100EEC8C0 /* v1.4_summoner_id_masteries.json */,
				9BBFAD4119FE187500EEC8C0 /* v1.4_summoner_ids_masteries.json */,
				9BBFAD4319FE197200EEC8C0 /* v1.4_summoner_id_name.json */,
				9BBFAD4519FE19B900EEC8C0 /* v1.4_summoner_ids_name.json */,
				9BBFAD4719FE1A0D00EEC8C0 /* v1.4_summoner_id_runes.json */,
				9BBFAD4919FE1B9700EEC8C0 /* v1.4_summoner_ids_runes.json */,
				9BBFAD3419FCE92100EEC8C0 /* v1.2_champions_free.json */,
				9BBFAD3919FE0E3400EEC8C0 /* v1.3_game_recent.json */,
				9B31D3C519F5414B005E0442 /* v1.2_champions.json */,
				9BBFAD3719FE0BC500EEC8C0 /* v1.2_champion_single.json */,
			);
			name = Fixtures;
			sourceTree = "<group>";
		};
		DF9990CD1FB74477B9DDF25E /* Frameworks */ = {
			isa = PBXGroup;
			children = (
			);
			name = Frameworks;
			sourceTree = "<group>";
		};
/* End PBXGroup section */

/* Begin PBXNativeTarget section */
		9BB2BFE4196B651000D9FEAA /* RiotKit */ = {
			isa = PBXNativeTarget;
			buildConfigurationList = 9BB2C005196B651000D9FEAA /* Build configuration list for PBXNativeTarget "RiotKit" */;
			buildPhases = (
				9BB2BFE1196B651000D9FEAA /* Sources */,
				9BB2BFE2196B651000D9FEAA /* Frameworks */,
				9BB2BFE3196B651000D9FEAA /* Resources */,
			);
			buildRules = (
			);
			dependencies = (
			);
			name = RiotKit;
			productName = RiotKit;
			productReference = 9BB2BFE5196B651000D9FEAA /* RiotKit.app */;
			productType = "com.apple.product-type.application";
		};
		9BB2BFFA196B651000D9FEAA /* RiotKitTests */ = {
			isa = PBXNativeTarget;
			buildConfigurationList = 9BB2C008196B651000D9FEAA /* Build configuration list for PBXNativeTarget "RiotKitTests" */;
			buildPhases = (
				9BB2BFF7196B651000D9FEAA /* Sources */,
				9BB2BFF8196B651000D9FEAA /* Frameworks */,
				9BB2BFF9196B651000D9FEAA /* Resources */,
			);
			buildRules = (
			);
			dependencies = (
				9BB2BFFD196B651000D9FEAA /* PBXTargetDependency */,
				9BB2C056196DCB6900D9FEAA /* PBXTargetDependency */,
				9BB2C058196DCB6A00D9FEAA /* PBXTargetDependency */,
				9BB2C05B196DCBAE00D9FEAA /* PBXTargetDependency */,
			);
			name = RiotKitTests;
			productName = RiotKitTests;
			productReference = 9BB2BFFB196B651000D9FEAA /* RiotKitTests.xctest */;
			productType = "com.apple.product-type.bundle.unit-test";
		};
/* End PBXNativeTarget section */

/* Begin PBXProject section */
		9BB2BFDD196B651000D9FEAA /* Project object */ = {
			isa = PBXProject;
			attributes = {
				LastUpgradeCheck = 0600;
				ORGANIZATIONNAME = "Levi McCallum";
				TargetAttributes = {
					9BB2BFE4196B651000D9FEAA = {
						CreatedOnToolsVersion = 6.0;
					};
					9BB2BFFA196B651000D9FEAA = {
						CreatedOnToolsVersion = 6.0;
						TestTargetID = 9BB2BFE4196B651000D9FEAA;
					};
				};
			};
			buildConfigurationList = 9BB2BFE0196B651000D9FEAA /* Build configuration list for PBXProject "RiotKit" */;
			compatibilityVersion = "Xcode 3.2";
			developmentRegion = English;
			hasScannedForEncodings = 0;
			knownRegions = (
				en,
				Base,
			);
			mainGroup = 9BB2BFDC196B651000D9FEAA;
			productRefGroup = 9BB2BFE6196B651000D9FEAA /* Products */;
			projectDirPath = "";
			projectRoot = "";
			targets = (
				9BB2BFE4196B651000D9FEAA /* RiotKit */,
				9BB2BFFA196B651000D9FEAA /* RiotKitTests */,
			);
		};
/* End PBXProject section */

/* Begin PBXResourcesBuildPhase section */
		9BB2BFE3196B651000D9FEAA /* Resources */ = {
			isa = PBXResourcesBuildPhase;
			buildActionMask = 2147483647;
			files = (
				9BD8B2D1197371D400C7F22E /* Main.storyboard in Resources */,
				9BD8B2CF19736CEA00C7F22E /* README.md in Resources */,
			);
			runOnlyForDeploymentPostprocessing = 0;
		};
		9BB2BFF9196B651000D9FEAA /* Resources */ = {
			isa = PBXResourcesBuildPhase;
			buildActionMask = 2147483647;
			files = (
				9B31D3C819F5414B005E0442 /* TemplateIcon2x.png in Resources */,
				9BBFAD4819FE1A0D00EEC8C0 /* v1.4_summoner_id_runes.json in Resources */,
				9B31D3C719F5414B005E0442 /* v1.2_champions.json in Resources */,
				9BBFAD3A19FE0E3400EEC8C0 /* v1.3_game_recent.json in Resources */,
				9BBFAD4219FE187500EEC8C0 /* v1.4_summoner_ids_masteries.json in Resources */,
				9BBFAD4619FE19B900EEC8C0 /* v1.4_summoner_ids_name.json in Resources */,
				9BBFAD3619FCEA4C00EEC8C0 /* v1.2_champions_free.json in Resources */,
				9BBFAD3E19FE16D800EEC8C0 /* v1.4_summoner_id.json in Resources */,
				9BBFAD4A19FE1B9700EEC8C0 /* v1.4_summoner_ids_runes.json in Resources */,
				9BBFAD4019FE180200EEC8C0 /* v1.4_summoner_id_masteries.json in Resources */,
				9BBFAD3819FE0BC500EEC8C0 /* v1.2_champion_single.json in Resources */,
				9BBFAD4419FE197200EEC8C0 /* v1.4_summoner_id_name.json in Resources */,
				9BBFAD3C19FE168700EEC8C0 /* v1.4_summoner_name.json in Resources */,
			);
			runOnlyForDeploymentPostprocessing = 0;
		};
/* End PBXResourcesBuildPhase section */

/* Begin PBXSourcesBuildPhase section */
		9BB2BFE1196B651000D9FEAA /* Sources */ = {
			isa = PBXSourcesBuildPhase;
			buildActionMask = 2147483647;
			files = (
				9BB2C023196C6F2200D9FEAA /* RKTeam.m in Sources */,
				9BB2BFF1196B651000D9FEAA /* ViewController.m in Sources */,
				9BB2C035196C755600D9FEAA /* RKRuneSlot.m in Sources */,
				9BB2C013196B6A4E00D9FEAA /* RKPlayer.m in Sources */,
				9BB2C03B196C75C900D9FEAA /* RKMastery.m in Sources */,
				9BB2C02C196C713A00D9FEAA /* RKTeamStatDetail.m in Sources */,
				9BB2BFEE196B651000D9FEAA /* AppDelegate.m in Sources */,
				9BB2C029196C704800D9FEAA /* RKMatchHistorySummary.m in Sources */,
				9BB2BFEB196B651000D9FEAA /* main.m in Sources */,
				9BB2C016196B6B5200D9FEAA /* RKRawStats.m in Sources */,
				9BB2C041196C769700D9FEAA /* RKPlayerStatsSummary.m in Sources */,
				9BB2C019196B6CB800D9FEAA /* RKLeague.m in Sources */,
				9BB2C044196C77B900D9FEAA /* RKAggregatedStats.m in Sources */,
				9BB2C04E196C7FA400D9FEAA /* RiotKit.m in Sources */,
				9BB2C010196B680C00D9FEAA /* RKGame.m in Sources */,
				9BBFAD2E19F9F2B000EEC8C0 /* RKConstants.m in Sources */,
				9BB2C038196C759400D9FEAA /* RKMasteryPage.m in Sources */,
				9BBFAD2B19F9F21F00EEC8C0 /* RKRequest.m in Sources */,
				9BB2C01C196B6D9500D9FEAA /* RKLeagueEntry.m in Sources */,
				9BB2C03E196C760100D9FEAA /* RKSummoner.m in Sources */,
				9BB2C032196C751600D9FEAA /* RKRunePage.m in Sources */,
				9BB2C02F196C746900D9FEAA /* RKTeamMemberInfo.m in Sources */,
				9BB2C052196CA53800D9FEAA /* RKOperation.m in Sources */,
				9BB2C026196C6FD800D9FEAA /* RKRoster.m in Sources */,
				9BB2C01F196B6E5600D9FEAA /* RKMiniSeries.m in Sources */,
				9BB2C00D196B679000D9FEAA /* RKChampion.m in Sources */,
				9BB2C047196C7A2400D9FEAA /* RKRankedStats.m in Sources */,
				9B19A023196E1122009AA715 /* RKObjectMapper.m in Sources */,
				9BB2C04A196C7A5B00D9FEAA /* RKChampionStats.m in Sources */,
			);
			runOnlyForDeploymentPostprocessing = 0;
		};
		9BB2BFF7196B651000D9FEAA /* Sources */ = {
			isa = PBXSourcesBuildPhase;
			buildActionMask = 2147483647;
			files = (
				9BBFAD3219FBD0DE00EEC8C0 /* RKTestRequest.m in Sources */,
				9BB6C2A019F863E300971766 /* RKFixture.m in Sources */,
				9BBFAD3319FCE75C00EEC8C0 /* RKConstants.m in Sources */,
				9B19A020196DD513009AA715 /* RiotKit.m in Sources */,
				9BB2C059196DCB8400D9FEAA /* RiotKitTests.m in Sources */,
			);
			runOnlyForDeploymentPostprocessing = 0;
		};
/* End PBXSourcesBuildPhase section */

/* Begin PBXTargetDependency section */
		9BB2BFFD196B651000D9FEAA /* PBXTargetDependency */ = {
			isa = PBXTargetDependency;
			target = 9BB2BFE4196B651000D9FEAA /* RiotKit */;
			targetProxy = 9BB2BFFC196B651000D9FEAA /* PBXContainerItemProxy */;
		};
		9BB2C056196DCB6900D9FEAA /* PBXTargetDependency */ = {
			isa = PBXTargetDependency;
			target = 9BB2BFE4196B651000D9FEAA /* RiotKit */;
			targetProxy = 9BB2C055196DCB6900D9FEAA /* PBXContainerItemProxy */;
		};
		9BB2C058196DCB6A00D9FEAA /* PBXTargetDependency */ = {
			isa = PBXTargetDependency;
			target = 9BB2BFE4196B651000D9FEAA /* RiotKit */;
			targetProxy = 9BB2C057196DCB6A00D9FEAA /* PBXContainerItemProxy */;
		};
		9BB2C05B196DCBAE00D9FEAA /* PBXTargetDependency */ = {
			isa = PBXTargetDependency;
			target = 9BB2BFE4196B651000D9FEAA /* RiotKit */;
			targetProxy = 9BB2C05A196DCBAE00D9FEAA /* PBXContainerItemProxy */;
		};
/* End PBXTargetDependency section */

/* Begin XCBuildConfiguration section */
		9BB2C003196B651000D9FEAA /* Debug */ = {
			isa = XCBuildConfiguration;
			buildSettings = {
				ALWAYS_SEARCH_USER_PATHS = NO;
				CLANG_CXX_LANGUAGE_STANDARD = "gnu++0x";
				CLANG_CXX_LIBRARY = "libc++";
				CLANG_ENABLE_MODULES = YES;
				CLANG_ENABLE_OBJC_ARC = YES;
				CLANG_WARN_BOOL_CONVERSION = YES;
				CLANG_WARN_CONSTANT_CONVERSION = YES;
				CLANG_WARN_DIRECT_OBJC_ISA_USAGE = YES_ERROR;
				CLANG_WARN_EMPTY_BODY = YES;
				CLANG_WARN_ENUM_CONVERSION = YES;
				CLANG_WARN_INT_CONVERSION = YES;
				CLANG_WARN_OBJC_ROOT_CLASS = YES_ERROR;
				CLANG_WARN_UNREACHABLE_CODE = YES;
				CLANG_WARN__DUPLICATE_METHOD_MATCH = YES;
				"CODE_SIGN_IDENTITY[sdk=iphoneos*]" = "iPhone Developer";
				COPY_PHASE_STRIP = NO;
				ENABLE_STRICT_OBJC_MSGSEND = YES;
				GCC_C_LANGUAGE_STANDARD = gnu99;
				GCC_DYNAMIC_NO_PIC = NO;
				GCC_OPTIMIZATION_LEVEL = 0;
				GCC_PREPROCESSOR_DEFINITIONS = (
					"DEBUG=1",
					"$(inherited)",
				);
				GCC_SYMBOLS_PRIVATE_EXTERN = NO;
				GCC_WARN_64_TO_32_BIT_CONVERSION = YES;
				GCC_WARN_ABOUT_RETURN_TYPE = YES_ERROR;
				GCC_WARN_UNDECLARED_SELECTOR = YES;
				GCC_WARN_UNINITIALIZED_AUTOS = YES_AGGRESSIVE;
				GCC_WARN_UNUSED_FUNCTION = YES;
				GCC_WARN_UNUSED_VARIABLE = YES;
				IPHONEOS_DEPLOYMENT_TARGET = 8.0;
				MTL_ENABLE_DEBUG_INFO = YES;
				ONLY_ACTIVE_ARCH = YES;
				SDKROOT = iphoneos;
			};
			name = Debug;
		};
		9BB2C004196B651000D9FEAA /* Release */ = {
			isa = XCBuildConfiguration;
			buildSettings = {
				ALWAYS_SEARCH_USER_PATHS = NO;
				CLANG_CXX_LANGUAGE_STANDARD = "gnu++0x";
				CLANG_CXX_LIBRARY = "libc++";
				CLANG_ENABLE_MODULES = YES;
				CLANG_ENABLE_OBJC_ARC = YES;
				CLANG_WARN_BOOL_CONVERSION = YES;
				CLANG_WARN_CONSTANT_CONVERSION = YES;
				CLANG_WARN_DIRECT_OBJC_ISA_USAGE = YES_ERROR;
				CLANG_WARN_EMPTY_BODY = YES;
				CLANG_WARN_ENUM_CONVERSION = YES;
				CLANG_WARN_INT_CONVERSION = YES;
				CLANG_WARN_OBJC_ROOT_CLASS = YES_ERROR;
				CLANG_WARN_UNREACHABLE_CODE = YES;
				CLANG_WARN__DUPLICATE_METHOD_MATCH = YES;
				"CODE_SIGN_IDENTITY[sdk=iphoneos*]" = "iPhone Developer";
				COPY_PHASE_STRIP = YES;
				ENABLE_NS_ASSERTIONS = NO;
				ENABLE_STRICT_OBJC_MSGSEND = YES;
				GCC_C_LANGUAGE_STANDARD = gnu99;
				GCC_WARN_64_TO_32_BIT_CONVERSION = YES;
				GCC_WARN_ABOUT_RETURN_TYPE = YES_ERROR;
				GCC_WARN_UNDECLARED_SELECTOR = YES;
				GCC_WARN_UNINITIALIZED_AUTOS = YES_AGGRESSIVE;
				GCC_WARN_UNUSED_FUNCTION = YES;
				GCC_WARN_UNUSED_VARIABLE = YES;
				IPHONEOS_DEPLOYMENT_TARGET = 8.0;
				MTL_ENABLE_DEBUG_INFO = NO;
				SDKROOT = iphoneos;
				VALIDATE_PRODUCT = YES;
			};
			name = Release;
		};
		9BB2C006196B651000D9FEAA /* Debug */ = {
			isa = XCBuildConfiguration;
			buildSettings = {
				ASSETCATALOG_COMPILER_APPICON_NAME = AppIcon;
				ASSETCATALOG_COMPILER_LAUNCHIMAGE_NAME = LaunchImage;
				INFOPLIST_FILE = RiotKitDemo/Info.plist;
				IPHONEOS_DEPLOYMENT_TARGET = 8.0;
				LD_RUNPATH_SEARCH_PATHS = "$(inherited) @executable_path/Frameworks";
				PRODUCT_NAME = "$(TARGET_NAME)";
			};
			name = Debug;
		};
		9BB2C007196B651000D9FEAA /* Release */ = {
			isa = XCBuildConfiguration;
			buildSettings = {
				ASSETCATALOG_COMPILER_APPICON_NAME = AppIcon;
				ASSETCATALOG_COMPILER_LAUNCHIMAGE_NAME = LaunchImage;
				INFOPLIST_FILE = RiotKitDemo/Info.plist;
				IPHONEOS_DEPLOYMENT_TARGET = 8.0;
				LD_RUNPATH_SEARCH_PATHS = "$(inherited) @executable_path/Frameworks";
				PRODUCT_NAME = "$(TARGET_NAME)";
			};
			name = Release;
		};
		9BB2C009196B651000D9FEAA /* Debug */ = {
			isa = XCBuildConfiguration;
			buildSettings = {
				BUNDLE_LOADER = "$(BUILT_PRODUCTS_DIR)/RiotKit.app/RiotKit";
				FRAMEWORK_SEARCH_PATHS = (
					"$(SDKROOT)/Developer/Library/Frameworks",
					"$(inherited)",
				);
				GCC_PREPROCESSOR_DEFINITIONS = (
					"DEBUG=1",
					"$(inherited)",
				);
				INFOPLIST_FILE = RiotKitTests/Info.plist;
				LD_RUNPATH_SEARCH_PATHS = "$(inherited) @executable_path/Frameworks @loader_path/Frameworks";
				PRODUCT_NAME = "$(TARGET_NAME)";
				TEST_HOST = "$(BUNDLE_LOADER)";
			};
			name = Debug;
		};
		9BB2C00A196B651000D9FEAA /* Release */ = {
			isa = XCBuildConfiguration;
			buildSettings = {
				BUNDLE_LOADER = "$(BUILT_PRODUCTS_DIR)/RiotKit.app/RiotKit";
				FRAMEWORK_SEARCH_PATHS = (
					"$(SDKROOT)/Developer/Library/Frameworks",
					"$(inherited)",
				);
				INFOPLIST_FILE = RiotKitTests/Info.plist;
				LD_RUNPATH_SEARCH_PATHS = "$(inherited) @executable_path/Frameworks @loader_path/Frameworks";
				PRODUCT_NAME = "$(TARGET_NAME)";
				TEST_HOST = "$(BUNDLE_LOADER)";
			};
			name = Release;
		};
/* End XCBuildConfiguration section */

/* Begin XCConfigurationList section */
		9BB2BFE0196B651000D9FEAA /* Build configuration list for PBXProject "RiotKit" */ = {
			isa = XCConfigurationList;
			buildConfigurations = (
				9BB2C003196B651000D9FEAA /* Debug */,
				9BB2C004196B651000D9FEAA /* Release */,
			);
			defaultConfigurationIsVisible = 0;
			defaultConfigurationName = Release;
		};
		9BB2C005196B651000D9FEAA /* Build configuration list for PBXNativeTarget "RiotKit" */ = {
			isa = XCConfigurationList;
			buildConfigurations = (
				9BB2C006196B651000D9FEAA /* Debug */,
				9BB2C007196B651000D9FEAA /* Release */,
			);
			defaultConfigurationIsVisible = 0;
			defaultConfigurationName = Release;
		};
		9BB2C008196B651000D9FEAA /* Build configuration list for PBXNativeTarget "RiotKitTests" */ = {
			isa = XCConfigurationList;
			buildConfigurations = (
				9BB2C009196B651000D9FEAA /* Debug */,
				9BB2C00A196B651000D9FEAA /* Release */,
			);
			defaultConfigurationIsVisible = 0;
			defaultConfigurationName = Release;
		};
/* End XCConfigurationList section */
	};
	rootObject = 9BB2BFDD196B651000D9FEAA /* Project object */;
}
